
Microsoft Visual Studio Solution File, Format Version 12.00
# Visual Studio Version 16
VisualStudioVersion = 16.0.30907.101
MinimumVisualStudioVersion = 10.0.40219.1
Project("{FAE04EC0-301F-11D3-BF4B-00C04F79EFBC}") = "ProjetoDAO.App", "ProjetoDAO.App\ProjetoDAO.App.csproj", "{99209209-F082-4403-B087-6A76EE9514EC}"
EndProject
Global
	GlobalSection(SolutionConfigurationPlatforms) = preSolution
		Debug|Any CPU = Debug|Any CPU
		Release|Any CPU = Release|Any CPU
	EndGlobalSection
	GlobalSection(ProjectConfigurationPlatforms) = postSolution
		{99209209-F082-4403-B087-6A76EE9514EC}.Debug|Any CPU.ActiveCfg = Debug|Any CPU
		{99209209-F082-4403-B087-6A76EE9514EC}.Debug|Any CPU.Build.0 = Debug|Any CPU
		{99209209-F082-4403-B087-6A76EE9514EC}.Release|Any CPU.ActiveCfg = Release|Any CPU
		{99209209-F082-4403-B087-6A76EE9514EC}.Release|Any CPU.Build.0 = Release|Any CPU
	EndGlobalSection
	GlobalSection(SolutionProperties) = preSolution
		HideSolutionNode = FALSE
	EndGlobalSection
	GlobalSection(ExtensibilityGlobals) = postSolution
		SolutionGuid = {FFDBC8ED-1DA1-4CEE-93FA-1E665895F3F2}
	EndGlobalSection
EndGlobal
